DEPENDENCIES
  apt
  chef-client
  docker
  git
  hostname
  hostsfile
  iptables
  jenkins
  logrotate
  postfix
  ssh_known_hosts
  sysctl
  sysdig
  timezone-ii
  unattended_upgrades
  user

GRAPH
  apt (2.8.1)
  build-essential (2.2.3)
  chef-client (4.3.1)
    cron (>= 1.2.0)
    logrotate (>= 1.2.0)
    windows (~> 1.37)
  chef_handler (1.2.0)
  cron (1.6.1)
  dmg (2.2.2)
  docker (1.0.8)
  git (4.3.3)
    build-essential (>= 0.0.0)
    dmg (>= 0.0.0)
    windows (>= 0.0.0)
    yum-epel (>= 0.0.0)
  hostname (0.3.0)
    hostsfile (>= 0.0.0)
  hostsfile (2.4.5)
  iptables (1.0.0)
  jenkins (2.3.1)
    apt (~> 2.0)
    runit (~> 1.5)
    yum (~> 3.0)
  logrotate (1.9.2)
  ohai (2.0.1)
  packagecloud (0.0.19)
  partial_search (1.0.8)
  postfix (3.7.0)
  runit (1.7.2)
    packagecloud (>= 0.0.0)
  ssh_known_hosts (2.0.0)
    partial_search (>= 0.0.0)
  sysctl (0.6.2)
    ohai (>= 0.0.0)
  sysdig (0.3.1)
    apt (>= 0.0.0)
    yum (>= 0.0.0)
    yum-epel (>= 0.0.0)
  timezone-ii (0.2.0)
  unattended_upgrades (0.3.0)
  user (0.4.2)
  windows (1.38.1)
    chef_handler (>= 0.0.0)
  yum (3.6.3)
  yum-epel (0.6.2)
    yum (~> 3.2)
